
Microsoft Visual Studio Solution File, Format Version 12.00
# Visual Studio Version 16
VisualStudioVersion = 16.0.31005.135
MinimumVisualStudioVersion = 10.0.40219.1
Project("{FAE04EC0-301F-11D3-BF4B-00C04F79EFBC}") = "Sweepstakes", "Sweepstakes\Sweepstakes.csproj", "{6754C260-C976-4EC5-8A44-86DBAEA22548}"
EndProject
Project("{FAE04EC0-301F-11D3-BF4B-00C04F79EFBC}") = "SweepstakesTests", "SweepstakesTests\SweepstakesTests.csproj", "{B45A9F63-A2B0-477C-8C02-B4FF15AB31D8}"
EndProject
Global
	GlobalSection(SolutionConfigurationPlatforms) = preSolution
		Debug|Any CPU = Debug|Any CPU
		Release|Any CPU = Release|Any CPU
	EndGlobalSection
	GlobalSection(ProjectConfigurationPlatforms) = postSolution
		{6754C260-C976-4EC5-8A44-86DBAEA22548}.Debug|Any CPU.ActiveCfg = Debug|Any CPU
		{6754C260-C976-4EC5-8A44-86DBAEA22548}.Debug|Any CPU.Build.0 = Debug|Any CPU
		{6754C260-C976-4EC5-8A44-86DBAEA22548}.Release|Any CPU.ActiveCfg = Release|Any CPU
		{6754C260-C976-4EC5-8A44-86DBAEA22548}.Release|Any CPU.Build.0 = Release|Any CPU
		{B45A9F63-A2B0-477C-8C02-B4FF15AB31D8}.Debug|Any CPU.ActiveCfg = Debug|Any CPU
		{B45A9F63-A2B0-477C-8C02-B4FF15AB31D8}.Debug|Any CPU.Build.0 = Debug|Any CPU
		{B45A9F63-A2B0-477C-8C02-B4FF15AB31D8}.Release|Any CPU.ActiveCfg = Release|Any CPU
		{B45A9F63-A2B0-477C-8C02-B4FF15AB31D8}.Release|Any CPU.Build.0 = Release|Any CPU
	EndGlobalSection
	GlobalSection(SolutionProperties) = preSolution
		HideSolutionNode = FALSE
	EndGlobalSection
	GlobalSection(ExtensibilityGlobals) = postSolution
		SolutionGuid = {22863187-EC8D-4532-A4EB-3628AA78D5D7}
	EndGlobalSection
EndGlobal
